
Microsoft Visual Studio Solution File, Format Version 12.00
# Visual Studio Version 16
VisualStudioVersion = 16.0.31129.286
MinimumVisualStudioVersion = 10.0.40219.1
Project("{FAE04EC0-301F-11D3-BF4B-00C04F79EFBC}") = "UI", "PowerGridsHitachi\UI.csproj", "{A3FF170F-73DE-4CD8-84F9-2513AA19318B}"
	ProjectSection(ProjectDependencies) = postProject
		{B983EE99-5308-4B80-97B0-110EC40E83F9} = {B983EE99-5308-4B80-97B0-110EC40E83F9}
	EndProjectSection
EndProject
Project("{FAE04EC0-301F-11D3-BF4B-00C04F79EFBC}") = "Common", "Common\Common.csproj", "{B983EE99-5308-4B80-97B0-110EC40E83F9}"
EndProject
Project("{FAE04EC0-301F-11D3-BF4B-00C04F79EFBC}") = "Database", "Database\Database.csproj", "{0991E02C-EC0A-4457-B6D6-7319809E2C2F}"
	ProjectSection(ProjectDependencies) = postProject
		{B983EE99-5308-4B80-97B0-110EC40E83F9} = {B983EE99-5308-4B80-97B0-110EC40E83F9}
	EndProjectSection
EndProject
Project("{FAE04EC0-301F-11D3-BF4B-00C04F79EFBC}") = "Tests", "Tests\Tests.csproj", "{A96C3A11-D610-4CFF-A95A-8B480775180F}"
	ProjectSection(ProjectDependencies) = postProject
		{0991E02C-EC0A-4457-B6D6-7319809E2C2F} = {0991E02C-EC0A-4457-B6D6-7319809E2C2F}
		{B983EE99-5308-4B80-97B0-110EC40E83F9} = {B983EE99-5308-4B80-97B0-110EC40E83F9}
	EndProjectSection
EndProject
Global
	GlobalSection(SolutionConfigurationPlatforms) = preSolution
		Debug|Any CPU = Debug|Any CPU
		Release|Any CPU = Release|Any CPU
	EndGlobalSection
	GlobalSection(ProjectConfigurationPlatforms) = postSolution
		{A3FF170F-73DE-4CD8-84F9-2513AA19318B}.Debug|Any CPU.ActiveCfg = Debug|Any CPU
		{A3FF170F-73DE-4CD8-84F9-2513AA19318B}.Debug|Any CPU.Build.0 = Debug|Any CPU
		{A3FF170F-73DE-4CD8-84F9-2513AA19318B}.Release|Any CPU.ActiveCfg = Release|Any CPU
		{A3FF170F-73DE-4CD8-84F9-2513AA19318B}.Release|Any CPU.Build.0 = Release|Any CPU
		{B983EE99-5308-4B80-97B0-110EC40E83F9}.Debug|Any CPU.ActiveCfg = Debug|Any CPU
		{B983EE99-5308-4B80-97B0-110EC40E83F9}.Debug|Any CPU.Build.0 = Debug|Any CPU
		{B983EE99-5308-4B80-97B0-110EC40E83F9}.Release|Any CPU.ActiveCfg = Release|Any CPU
		{B983EE99-5308-4B80-97B0-110EC40E83F9}.Release|Any CPU.Build.0 = Release|Any CPU
		{0991E02C-EC0A-4457-B6D6-7319809E2C2F}.Debug|Any CPU.ActiveCfg = Debug|Any CPU
		{0991E02C-EC0A-4457-B6D6-7319809E2C2F}.Debug|Any CPU.Build.0 = Debug|Any CPU
		{0991E02C-EC0A-4457-B6D6-7319809E2C2F}.Release|Any CPU.ActiveCfg = Release|Any CPU
		{0991E02C-EC0A-4457-B6D6-7319809E2C2F}.Release|Any CPU.Build.0 = Release|Any CPU
		{A96C3A11-D610-4CFF-A95A-8B480775180F}.Debug|Any CPU.ActiveCfg = Debug|Any CPU
		{A96C3A11-D610-4CFF-A95A-8B480775180F}.Debug|Any CPU.Build.0 = Debug|Any CPU
		{A96C3A11-D610-4CFF-A95A-8B480775180F}.Release|Any CPU.ActiveCfg = Release|Any CPU
		{A96C3A11-D610-4CFF-A95A-8B480775180F}.Release|Any CPU.Build.0 = Release|Any CPU
	EndGlobalSection
	GlobalSection(SolutionProperties) = preSolution
		HideSolutionNode = FALSE
	EndGlobalSection
	GlobalSection(ExtensibilityGlobals) = postSolution
		SolutionGuid = {9BDCBE60-E923-4925-BFEB-CDBCB30ADFAB}
	EndGlobalSection
EndGlobal
